
Microsoft Visual Studio Solution File, Format Version 12.00
# Visual Studio Version 16
VisualStudioVersion = 16.0.33328.57
MinimumVisualStudioVersion = 10.0.40219.1
Project("{FAE04EC0-301F-11D3-BF4B-00C04F79EFBC}") = "Classwork_ArtGallery_Mahlangu_37751883", "Classwork_ArtGallery_Mahlangu_37751883.csproj", "{0F68053F-9CB2-4FC2-B6F6-D4BC155D89DB}"
EndProject
Global
	GlobalSection(SolutionConfigurationPlatforms) = preSolution
		Debug|Any CPU = Debug|Any CPU
		Release|Any CPU = Release|Any CPU
	EndGlobalSection
	GlobalSection(ProjectConfigurationPlatforms) = postSolution
		{0F68053F-9CB2-4FC2-B6F6-D4BC155D89DB}.Debug|Any CPU.ActiveCfg = Debug|Any CPU
		{0F68053F-9CB2-4FC2-B6F6-D4BC155D89DB}.Debug|Any CPU.Build.0 = Debug|Any CPU
		{0F68053F-9CB2-4FC2-B6F6-D4BC155D89DB}.Release|Any CPU.ActiveCfg = Release|Any CPU
		{0F68053F-9CB2-4FC2-B6F6-D4BC155D89DB}.Release|Any CPU.Build.0 = Release|Any CPU
	EndGlobalSection
	GlobalSection(SolutionProperties) = preSolution
		HideSolutionNode = FALSE
	EndGlobalSection
	GlobalSection(ExtensibilityGlobals) = postSolution
		SolutionGuid = {BDA8E680-F13A-4489-B78D-40CB86A05327}
	EndGlobalSection
EndGlobal
